{
  "name": "chess-local-learning",
  "version": "1.0.0",
  "lockfileVersion": 3,
  "requires": true,
  "packages": {
    "": {
      "name": "chess-local-learning",
      "version": "1.0.0",
      "license": "ISC",
      "dependencies": {
        "chess.js": "^1.4.0",
        "cm-chessboard": "^8.12.19",
        "stockfish": "^18.0.8"
      }
    },
    "node_modules/chess.js": {
      "version": "1.4.0",
      "resolved": "https://ms-feed-12.pkgs.visualstudio.com/1es-public/_packaging/npm-public/npm/registry/chess.js/-/chess.js-1.4.0.tgz",
      "integrity": "sha1-7cFDlJLRoNf1MLpysrU5i67OKKE=",
      "license": "BSD-2-Clause"
    },
    "node_modules/cm-chessboard": {
      "version": "8.12.19",
      "resolved": "https://ms-feed-2.pkgs.visualstudio.com/1es-public/_packaging/npm-public/npm/registry/cm-chessboard/-/cm-chessboard-8.12.19.tgz",
      "integrity": "sha1-+ZomcJa3jRE/sxB9SHG7hXBZdcE=",
      "license": "MIT"
    },
    "node_modules/stockfish": {
      "version": "18.0.8",
      "resolved": "https://ms-feed-17.pkgs.visualstudio.com/1es-public/_packaging/npm-public/npm/registry/stockfish/-/stockfish-18.0.8.tgz",
      "integrity": "sha1-82HUsF9MgppvF9pc8YMoUlxSaPY=",
      "hasInstallScript": true,
      "license": "GPL-3.0",
      "bin": {
        "stockfish": "scripts/cli.js"
      }
    }
  }
}
